
Microsoft Visual Studio Solution File, Format Version 12.00
# Visual Studio Version 17
VisualStudioVersion = 17.2.32505.173
MinimumVisualStudioVersion = 10.0.40219.1
Project("{8BC9CEB8-8B4A-11D0-8D11-00A0C91BC942}") = "Milfuscator Free", "Milfuscator Free.vcxproj", "{455F979C-0365-497E-8C01-9E1806F45429}"
EndProject
Global
	GlobalSection(SolutionConfigurationPlatforms) = preSolution
		Dev|x86 = Dev|x86
		Release|x86 = Release|x86
	EndGlobalSection
	GlobalSection(ProjectConfigurationPlatforms) = postSolution
		{455F979C-0365-497E-8C01-9E1806F45429}.Dev|x86.ActiveCfg = Dev|Win32
		{455F979C-0365-497E-8C01-9E1806F45429}.Dev|x86.Build.0 = Dev|Win32
		{455F979C-0365-497E-8C01-9E1806F45429}.Release|x86.ActiveCfg = Release|Win32
		{455F979C-0365-497E-8C01-9E1806F45429}.Release|x86.Build.0 = Release|Win32
	EndGlobalSection
	GlobalSection(SolutionProperties) = preSolution
		HideSolutionNode = FALSE
	EndGlobalSection
	GlobalSection(ExtensibilityGlobals) = postSolution
		SolutionGuid = {CA5077CA-0E6F-4E47-BEFE-848DC3777879}
	EndGlobalSection
EndGlobal
